// !$*UTF8*$!
{
	archiveVersion = 1;
	classes = {
	};
	objectVersion = 46;
	objects = {

/* Begin PBXBuildFile section */
		204FCD0B1BEB344D0088A954 /* main.m in Sources */ = {isa = PBXBuildFile; fileRef = 204FCD0A1BEB344D0088A954 /* main.m */; };
		204FCD0E1BEB344D0088A954 /* AppDelegate.m in Sources */ = {isa = PBXBuildFile; fileRef = 204FCD0D1BEB344D0088A954 /* AppDelegate.m */; };
		204FCD111BEB344D0088A954 /* ViewController.m in Sources */ = {isa = PBXBuildFile; fileRef = 204FCD101BEB344D0088A954 /* ViewController.m */; };
		204FCD141BEB344D0088A954 /* Main.storyboard in Resources */ = {isa = PBXBuildFile; fileRef = 204FCD121BEB344D0088A954 /* Main.storyboard */; };
		204FCD161BEB344D0088A954 /* Assets.xcassets in Resources */ = {isa = PBXBuildFile; fileRef = 204FCD151BEB344D0088A954 /* Assets.xcassets */; };
		204FCD191BEB344D0088A954 /* LaunchScreen.storyboard in Resources */ = {isa = PBXBuildFile; fileRef = 204FCD171BEB344D0088A954 /* LaunchScreen.storyboard */; };
		204FCD241BEB344D0088A954 /* Test123123Tests.m in Sources */ = {isa = PBXBuildFile; fileRef = 204FCD231BEB344D0088A954 /* Test123123Tests.m */; };
		204FCD2F1BEB344D0088A954 /* Test123123UITests.m in Sources */ = {isa = PBXBuildFile; fileRef = 204FCD2E1BEB344D0088A954 /* Test123123UITests.m */; };
/* End PBXBuildFile section */

/* Begin PBXContainerItemProxy section */
		204FCD201BEB344D0088A954 /* PBXContainerItemProxy */ = {
			isa = PBXContainerItemProxy;
			containerPortal = 204FCCFE1BEB344D0088A954 /* Project object */;
			proxyType = 1;
			remoteGlobalIDString = 204FCD051BEB344D0088A954;
			remoteInfo = Test123123;
		};
		204FCD2B1BEB344D0088A954 /* PBXContainerItemProxy */ = {
			isa = PBXContainerItemProxy;
			containerPortal = 204FCCFE1BEB344D0088A954 /* Project object */;
			proxyType = 1;
			remoteGlobalIDString = 204FCD051BEB344D0088A954;
			remoteInfo = Test123123;
		};
/* End PBXContainerItemProxy section */

/* Begin PBXFileReference section */
		204FCD061BEB344D0088A954 /* Test123123.app */ = {isa = PBXFileReference; explicitFileType = wrapper.application; includeInIndex = 0; path = Test123123.app; sourceTree = BUILT_PRODUCTS_DIR; };
		204FCD0A1BEB344D0088A954 /* main.m */ = {isa = PBXFileReference; lastKnownFileType = sourcecode.c.objc; path = main.m; sourceTree = "<group>"; };
		204FCD0C1BEB344D0088A954 /* AppDelegate.h */ = {isa = PBXFileReference; lastKnownFileType = sourcecode.c.h; path = AppDelegate.h; sourceTree = "<group>"; };
		204FCD0D1BEB344D0088A954 /* AppDelegate.m */ = {isa = PBXFileReference; lastKnownFileType = sourcecode.c.objc; path = AppDelegate.m; sourceTree = "<group>"; };
		204FCD0F1BEB344D0088A954 /* ViewController.h */ = {isa = PBXFileReference; lastKnownFileType = sourcecode.c.h; path = ViewController.h; sourceTree = "<group>"; };
		204FCD101BEB344D0088A954 /* ViewController.m */ = {isa = PBXFileReference; lastKnownFileType = sourcecode.c.objc; path = ViewController.m; sourceTree = "<group>"; };
		204FCD131BEB344D0088A954 /* Base */ = {isa = PBXFileReference; lastKnownFileType = file.storyboard; name = Base; path = Base.lproj/Main.storyboard; sourceTree = "<group>"; };
		204FCD151BEB344D0088A954 /* Assets.xcassets */ = {isa = PBXFileReference; lastKnownFileType = folder.assetcatalog; path = Assets.xcassets; sourceTree = "<group>"; };
		204FCD181BEB344D0088A954 /* Base */ = {isa = PBXFileReference; lastKnownFileType = file.storyboard; name = Base; path = Base.lproj/LaunchScreen.storyboard; sourceTree = "<group>"; };
		204FCD1A1BEB344D0088A954 /* Info.plist */ = {isa = PBXFileReference; lastKnownFileType = text.plist.xml; path = Info.plist; sourceTree = "<group>"; };
		204FCD1F1BEB344D0088A954 /* Test123123Tests.xctest */ = {isa = PBXFileReference; explicitFileType = wrapper.cfbundle; includeInIndex = 0; path = Test123123Tests.xctest; sourceTree = BUILT_PRODUCTS_DIR; };
		204FCD231BEB344D0088A954 /* Test123123Tests.m */ = {isa = PBXFileReference; lastKnownFileType = sourcecode.c.objc; path = Test123123Tests.m; sourceTree = "<group>"; };
		204FCD251BEB344D0088A954 /* Info.plist */ = {isa = PBXFileReference; lastKnownFileType = text.plist.xml; path = Info.plist; sourceTree = "<group>"; };
		204FCD2A1BEB344D0088A954 /* Test123123UITests.xctest */ = {isa = PBXFileReference; explicitFileType = wrapper.cfbundle; includeInIndex = 0; path = Test123123UITests.xctest; sourceTree = BUILT_PRODUCTS_DIR; };
		204FCD2E1BEB344D0088A954 /* Test123123UITests.m */ = {isa = PBXFileReference; lastKnownFileType = sourcecode.c.objc; path = Test123123UITests.m; sourceTree = "<group>"; };
		204FCD301BEB344D0088A954 /* Info.plist */ = {isa = PBXFileReference; lastKnownFileType = text.plist.xml; path = Info.plist; sourceTree = "<group>"; };
/* End PBXFileReference section */

/* Begin PBXFrameworksBuildPhase section */
		204FCD031BEB344D0088A954 /* Frameworks */ = {
			isa = PBXFrameworksBuildPhase;
			buildActionMask = 2147483647;
			files = (
			);
			runOnlyForDeploymentPostprocessing = 0;
		};
		204FCD1C1BEB344D0088A954 /* Frameworks */ = {
			isa = PBXFrameworksBuildPhase;
			buildActionMask = 2147483647;
			files = (
			);
			runOnlyForDeploymentPostprocessing = 0;
		};
		204FCD271BEB344D0088A954 /* Frameworks */ = {
			isa = PBXFrameworksBuildPhase;
			buildActionMask = 2147483647;
			files = (
			);
			runOnlyForDeploymentPostprocessing = 0;
		};
/* End PBXFrameworksBuildPhase section */

/* Begin PBXGroup section */
		204FCCFD1BEB344D0088A954 = {
			isa = PBXGroup;
			children = (
				204FCD081BEB344D0088A954 /* Test123123 */,
				204FCD221BEB344D0088A954 /* Test123123Tests */,
				204FCD2D1BEB344D0088A954 /* Test123123UITests */,
				204FCD071BEB344D0088A954 /* Products */,
			);
			sourceTree = "<group>";
		};
		204FCD071BEB344D0088A954 /* Products */ = {
			isa = PBXGroup;
			children = (
				204FCD061BEB344D0088A954 /* Test123123.app */,
				204FCD1F1BEB344D0088A954 /* Test123123Tests.xctest */,
				204FCD2A1BEB344D0088A954 /* Test123123UITests.xctest */,
			);
			name = Products;
			sourceTree = "<group>";
		};
		204FCD081BEB344D0088A954 /* Test123123 */ = {
			isa = PBXGroup;
			children = (
				204FCD0C1BEB344D0088A954 /* AppDelegate.h */,
				204FCD0D1BEB344D0088A954 /* AppDelegate.m */,
				204FCD0F1BEB344D0088A954 /* ViewController.h */,
				204FCD101BEB344D0088A954 /* ViewController.m */,
				204FCD121BEB344D0088A954 /* Main.storyboard */,
				204FCD151BEB344D0088A954 /* Assets.xcassets */,
				204FCD171BEB344D0088A954 /* LaunchScreen.storyboard */,
				204FCD1A1BEB344D0088A954 /* Info.plist */,
				204FCD091BEB344D0088A954 /* Supporting Files */,
			);
			path = Test123123;
			sourceTree = "<group>";
		};
		204FCD091BEB344D0088A954 /* Supporting Files */ = {
			isa = PBXGroup;
			children = (
				204FCD0A1BEB344D0088A954 /* main.m */,
			);
			name = "Supporting Files";
			sourceTree = "<group>";
		};
		204FCD221BEB344D0088A954 /* Test123123Tests */ = {
			isa = PBXGroup;
			children = (
				204FCD231BEB344D0088A954 /* Test123123Tests.m */,
				204FCD251BEB344D0088A954 /* Info.plist */,
			);
			path = Test123123Tests;
			sourceTree = "<group>";
		};
		204FCD2D1BEB344D0088A954 /* Test123123UITests */ = {
			isa = PBXGroup;
			children = (
				204FCD2E1BEB344D0088A954 /* Test123123UITests.m */,
				204FCD301BEB344D0088A954 /* Info.plist */,
			);
			path = Test123123UITests;
			sourceTree = "<group>";
		};
/* End PBXGroup section */

/* Begin PBXNativeTarget section */
		204FCD051BEB344D0088A954 /* Test123123 */ = {
			isa = PBXNativeTarget;
			buildConfigurationList = 204FCD331BEB344D0088A954 /* Build configuration list for PBXNativeTarget "Test123123" */;
			buildPhases = (
				204FCD021BEB344D0088A954 /* Sources */,
				204FCD031BEB344D0088A954 /* Frameworks */,
				204FCD041BEB344D0088A954 /* Resources */,
			);
			buildRules = (
			);
			dependencies = (
			);
			name = Test123123;
			productName = Test123123;
			productReference = 204FCD061BEB344D0088A954 /* Test123123.app */;
			productType = "com.apple.product-type.application";
		};
		204FCD1E1BEB344D0088A954 /* Test123123Tests */ = {
			isa = PBXNativeTarget;
			buildConfigurationList = 204FCD361BEB344D0088A954 /* Build configuration list for PBXNativeTarget "Test123123Tests" */;
			buildPhases = (
				204FCD1B1BEB344D0088A954 /* Sources */,
				204FCD1C1BEB344D0088A954 /* Frameworks */,
				204FCD1D1BEB344D0088A954 /* Resources */,
			);
			buildRules = (
			);
			dependencies = (
				204FCD211BEB344D0088A954 /* PBXTargetDependency */,
			);
			name = Test123123Tests;
			productName = Test123123Tests;
			productReference = 204FCD1F1BEB344D0088A954 /* Test123123Tests.xctest */;
			productType = "com.apple.product-type.bundle.unit-test";
		};
		204FCD291BEB344D0088A954 /* Test123123UITests */ = {
			isa = PBXNativeTarget;
			buildConfigurationList = 204FCD391BEB344D0088A954 /* Build configuration list for PBXNativeTarget "Test123123UITests" */;
			buildPhases = (
				204FCD261BEB344D0088A954 /* Sources */,
				204FCD271BEB344D0088A954 /* Frameworks */,
				204FCD281BEB344D0088A954 /* Resources */,
			);
			buildRules = (
			);
			dependencies = (
				204FCD2C1BEB344D0088A954 /* PBXTargetDependency */,
			);
			name = Test123123UITests;
			productName = Test123123UITests;
			productReference = 204FCD2A1BEB344D0088A954 /* Test123123UITests.xctest */;
			productType = "com.apple.product-type.bundle.ui-testing";
		};
/* End PBXNativeTarget section */

/* Begin PBXProject section */
		204FCCFE1BEB344D0088A954 /* Project object */ = {
			isa = PBXProject;
			attributes = {
				LastUpgradeCheck = 0700;
				ORGANIZATIONNAME = Evan;
				TargetAttributes = {
					204FCD051BEB344D0088A954 = {
						CreatedOnToolsVersion = 7.0.1;
					};
					204FCD1E1BEB344D0088A954 = {
						CreatedOnToolsVersion = 7.0.1;
						TestTargetID = 204FCD051BEB344D0088A954;
					};
					204FCD291BEB344D0088A954 = {
						CreatedOnToolsVersion = 7.0.1;
						TestTargetID = 204FCD051BEB344D0088A954;
					};
				};
			};
			buildConfigurationList = 204FCD011BEB344D0088A954 /* Build configuration list for PBXProject "Test123123" */;
			compatibilityVersion = "Xcode 3.2";
			developmentRegion = English;
			hasScannedForEncodings = 0;
			knownRegions = (
				en,
				Base,
			);
			mainGroup = 204FCCFD1BEB344D0088A954;
			productRefGroup = 204FCD071BEB344D0088A954 /* Products */;
			projectDirPath = "";
			projectRoot = "";
			targets = (
				204FCD051BEB344D0088A954 /* Test123123 */,
				204FCD1E1BEB344D0088A954 /* Test123123Tests */,
				204FCD291BEB344D0088A954 /* Test123123UITests */,
			);
		};
/* End PBXProject section */

/* Begin PBXResourcesBuildPhase section */
		204FCD041BEB344D0088A954 /* Resources */ = {
			isa = PBXResourcesBuildPhase;
			buildActionMask = 2147483647;
			files = (
				204FCD191BEB344D0088A954 /* LaunchScreen.storyboard in Resources */,
				204FCD161BEB344D0088A954 /* Assets.xcassets in Resources */,
				204FCD141BEB344D0088A954 /* Main.storyboard in Resources */,
			);
			runOnlyForDeploymentPostprocessing = 0;
		};
		204FCD1D1BEB344D0088A954 /* Resources */ = {
			isa = PBXResourcesBuildPhase;
			buildActionMask = 2147483647;
			files = (
			);
			runOnlyForDeploymentPostprocessing = 0;
		};
		204FCD281BEB344D0088A954 /* Resources */ = {
			isa = PBXResourcesBuildPhase;
			buildActionMask = 2147483647;
			files = (
			);
			runOnlyForDeploymentPostprocessing = 0;
		};
/* End PBXResourcesBuildPhase section */

/* Begin PBXSourcesBuildPhase section */
		204FCD021BEB344D0088A954 /* Sources */ = {
			isa = PBXSourcesBuildPhase;
			buildActionMask = 2147483647;
			files = (
				204FCD111BEB344D0088A954 /* ViewController.m in Sources */,
				204FCD0E1BEB344D0088A954 /* AppDelegate.m in Sources */,
				204FCD0B1BEB344D0088A954 /* main.m in Sources */,
			);
			runOnlyForDeploymentPostprocessing = 0;
		};
		204FCD1B1BEB344D0088A954 /* Sources */ = {
			isa = PBXSourcesBuildPhase;
			buildActionMask = 2147483647;
			files = (
				204FCD241BEB344D0088A954 /* Test123123Tests.m in Sources */,
			);
			runOnlyForDeploymentPostprocessing = 0;
		};
		204FCD261BEB344D0088A954 /* Sources */ = {
			isa = PBXSourcesBuildPhase;
			buildActionMask = 2147483647;
			files = (
				204FCD2F1BEB344D0088A954 /* Test123123UITests.m in Sources */,
			);
			runOnlyForDeploymentPostprocessing = 0;
		};
/* End PBXSourcesBuildPhase section */

/* Begin PBXTargetDependency section */
		204FCD211BEB344D0088A954 /* PBXTargetDependency */ = {
			isa = PBXTargetDependency;
			target = 204FCD051BEB344D0088A954 /* Test123123 */;
			targetProxy = 204FCD201BEB344D0088A954 /* PBXContainerItemProxy */;
		};
		204FCD2C1BEB344D0088A954 /* PBXTargetDependency */ = {
			isa = PBXTargetDependency;
			target = 204FCD051BEB344D0088A954 /* Test123123 */;
			targetProxy = 204FCD2B1BEB344D0088A954 /* PBXContainerItemProxy */;
		};
/* End PBXTargetDependency section */

/* Begin PBXVariantGroup section */
		204FCD121BEB344D0088A954 /* Main.storyboard */ = {
			isa = PBXVariantGroup;
			children = (
				204FCD131BEB344D0088A954 /* Base */,
			);
			name = Main.storyboard;
			sourceTree = "<group>";
		};
		204FCD171BEB344D0088A954 /* LaunchScreen.storyboard */ = {
			isa = PBXVariantGroup;
			children = (
				204FCD181BEB344D0088A954 /* Base */,
			);
			name = LaunchScreen.storyboard;
			sourceTree = "<group>";
		};
/* End PBXVariantGroup section */

/* Begin XCBuildConfiguration section */
		204FCD311BEB344D0088A954 /* Debug */ = {
			isa = XCBuildConfiguration;
			buildSettings = {
				ALWAYS_SEARCH_USER_PATHS = NO;
				CLANG_CXX_LANGUAGE_STANDARD = "gnu++0x";
				CLANG_CXX_LIBRARY = "libc++";
				CLANG_ENABLE_MODULES = YES;
				CLANG_ENABLE_OBJC_ARC = YES;
				CLANG_WARN_BOOL_CONVERSION = YES;
				CLANG_WARN_CONSTANT_CONVERSION = YES;
				CLANG_WARN_DIRECT_OBJC_ISA_USAGE = YES_ERROR;
				CLANG_WARN_EMPTY_BODY = YES;
				CLANG_WARN_ENUM_CONVERSION = YES;
				CLANG_WARN_INT_CONVERSION = YES;
				CLANG_WARN_OBJC_ROOT_CLASS = YES_ERROR;
				CLANG_WARN_UNREACHABLE_CODE = YES;
				CLANG_WARN__DUPLICATE_METHOD_MATCH = YES;
				"CODE_SIGN_IDENTITY[sdk=iphoneos*]" = "iPhone Developer";
				COPY_PHASE_STRIP = NO;
				DEBUG_INFORMATION_FORMAT = dwarf;
				ENABLE_STRICT_OBJC_MSGSEND = YES;
				ENABLE_TESTABILITY = YES;
				GCC_C_LANGUAGE_STANDARD = gnu99;
				GCC_DYNAMIC_NO_PIC = NO;
				GCC_NO_COMMON_BLOCKS = YES;
				GCC_OPTIMIZATION_LEVEL = 0;
				GCC_PREPROCESSOR_DEFINITIONS = (
					"DEBUG=1",
					"$(inherited)",
				);
				GCC_WARN_64_TO_32_BIT_CONVERSION = YES;
				GCC_WARN_ABOUT_RETURN_TYPE = YES_ERROR;
				GCC_WARN_UNDECLARED_SELECTOR = YES;
				GCC_WARN_UNINITIALIZED_AUTOS = YES_AGGRESSIVE;
				GCC_WARN_UNUSED_FUNCTION = YES;
				GCC_WARN_UNUSED_VARIABLE = YES;
				IPHONEOS_DEPLOYMENT_TARGET = 9.0;
				MTL_ENABLE_DEBUG_INFO = YES;
				ONLY_ACTIVE_ARCH = YES;
				SDKROOT = iphoneos;
				TARGETED_DEVICE_FAMILY = "1,2";
			};
			name = Debug;
		};
		204FCD321BEB344D0088A954 /* Release */ = {
			isa = XCBuildConfiguration;
			buildSettings = {
				ALWAYS_SEARCH_USER_PATHS = NO;
				CLANG_CXX_LANGUAGE_STANDARD = "gnu++0x";
				CLANG_CXX_LIBRARY = "libc++";
				CLANG_ENABLE_MODULES = YES;
				CLANG_ENABLE_OBJC_ARC = YES;
				CLANG_WARN_BOOL_CONVERSION = YES;
				CLANG_WARN_CONSTANT_CONVERSION = YES;
				CLANG_WARN_DIRECT_OBJC_ISA_USAGE = YES_ERROR;
				CLANG_WARN_EMPTY_BODY = YES;
				CLANG_WARN_ENUM_CONVERSION = YES;
				CLANG_WARN_INT_CONVERSION = YES;
				CLANG_WARN_OBJC_ROOT_CLASS = YES_ERROR;
				CLANG_WARN_UNREACHABLE_CODE = YES;
				CLANG_WARN__DUPLICATE_METHOD_MATCH = YES;
				"CODE_SIGN_IDENTITY[sdk=iphoneos*]" = "iPhone Developer";
				COPY_PHASE_STRIP = NO;
				DEBUG_INFORMATION_FORMAT = "dwarf-with-dsym";
				ENABLE_NS_ASSERTIONS = NO;
				ENABLE_STRICT_OBJC_MSGSEND = YES;
				GCC_C_LANGUAGE_STANDARD = gnu99;
				GCC_NO_COMMON_BLOCKS = YES;
				GCC_WARN_64_TO_32_BIT_CONVERSION = YES;
				GCC_WARN_ABOUT_RETURN_TYPE = YES_ERROR;
				GCC_WARN_UNDECLARED_SELECTOR = YES;
				GCC_WARN_UNINITIALIZED_AUTOS = YES_AGGRESSIVE;
				GCC_WARN_UNUSED_FUNCTION = YES;
				GCC_WARN_UNUSED_VARIABLE = YES;
				IPHONEOS_DEPLOYMENT_TARGET = 9.0;
				MTL_ENABLE_DEBUG_INFO = NO;
				SDKROOT = iphoneos;
				TARGETED_DEVICE_FAMILY = "1,2";
				VALIDATE_PRODUCT = YES;
			};
			name = Release;
		};
		204FCD341BEB344D0088A954 /* Debug */ = {
			isa = XCBuildConfiguration;
			buildSettings = {
				ASSETCATALOG_COMPILER_APPICON_NAME = AppIcon;
				INFOPLIST_FILE = Test123123/Info.plist;
				LD_RUNPATH_SEARCH_PATHS = "$(inherited) @executable_path/Frameworks";
				PRODUCT_BUNDLE_IDENTIFIER = Evan.Test123123;
				PRODUCT_NAME = "$(TARGET_NAME)";
			};
			name = Debug;
		};
		204FCD351BEB344D0088A954 /* Release */ = {
			isa = XCBuildConfiguration;
			buildSettings = {
				ASSETCATALOG_COMPILER_APPICON_NAME = AppIcon;
				INFOPLIST_FILE = Test123123/Info.plist;
				LD_RUNPATH_SEARCH_PATHS = "$(inherited) @executable_path/Frameworks";
				PRODUCT_BUNDLE_IDENTIFIER = Evan.Test123123;
				PRODUCT_NAME = "$(TARGET_NAME)";
			};
			name = Release;
		};
		204FCD371BEB344D0088A954 /* Debug */ = {
			isa = XCBuildConfiguration;
			buildSettings = {
				BUNDLE_LOADER = "$(TEST_HOST)";
				INFOPLIST_FILE = Test123123Tests/Info.plist;
				LD_RUNPATH_SEARCH_PATHS = "$(inherited) @executable_path/Frameworks @loader_path/Frameworks";
				PRODUCT_BUNDLE_IDENTIFIER = Evan.Test123123Tests;
				PRODUCT_NAME = "$(TARGET_NAME)";
				TEST_HOST = "$(BUILT_PRODUCTS_DIR)/Test123123.app/Test123123";
			};
			name = Debug;
		};
		204FCD381BEB344D0088A954 /* Release */ = {
			isa = XCBuildConfiguration;
			buildSettings = {
				BUNDLE_LOADER = "$(TEST_HOST)";
				INFOPLIST_FILE = Test123123Tests/Info.plist;
				LD_RUNPATH_SEARCH_PATHS = "$(inherited) @executable_path/Frameworks @loader_path/Frameworks";
				PRODUCT_BUNDLE_IDENTIFIER = Evan.Test123123Tests;
				PRODUCT_NAME = "$(TARGET_NAME)";
				TEST_HOST = "$(BUILT_PRODUCTS_DIR)/Test123123.app/Test123123";
			};
			name = Release;
		};
		204FCD3A1BEB344D0088A954 /* Debug */ = {
			isa = XCBuildConfiguration;
			buildSettings = {
				INFOPLIST_FILE = Test123123UITests/Info.plist;
				LD_RUNPATH_SEARCH_PATHS = "$(inherited) @executable_path/Frameworks @loader_path/Frameworks";
				PRODUCT_BUNDLE_IDENTIFIER = Evan.Test123123UITests;
				PRODUCT_NAME = "$(TARGET_NAME)";
				TEST_TARGET_NAME = Test123123;
				USES_XCTRUNNER = YES;
			};
			name = Debug;
		};
		204FCD3B1BEB344D0088A954 /* Release */ = {
			isa = XCBuildConfiguration;
			buildSettings = {
				INFOPLIST_FILE = Test123123UITests/Info.plist;
				LD_RUNPATH_SEARCH_PATHS = "$(inherited) @executable_path/Frameworks @loader_path/Frameworks";
				PRODUCT_BUNDLE_IDENTIFIER = Evan.Test123123UITests;
				PRODUCT_NAME = "$(TARGET_NAME)";
				TEST_TARGET_NAME = Test123123;
				USES_XCTRUNNER = YES;
			};
			name = Release;
		};
/* End XCBuildConfiguration section */

/* Begin XCConfigurationList section */
		204FCD011BEB344D0088A954 /* Build configuration list for PBXProject "Test123123" */ = {
			isa = XCConfigurationList;
			buildConfigurations = (
				204FCD311BEB344D0088A954 /* Debug */,
				204FCD321BEB344D0088A954 /* Release */,
			);
			defaultConfigurationIsVisible = 0;
			defaultConfigurationName = Release;
		};
		204FCD331BEB344D0088A954 /* Build configuration list for PBXNativeTarget "Test123123" */ = {
			isa = XCConfigurationList;
			buildConfigurations = (
				204FCD341BEB344D0088A954 /* Debug */,
				204FCD351BEB344D0088A954 /* Release */,
			);
			defaultConfigurationIsVisible = 0;
		};
		204FCD361BEB344D0088A954 /* Build configuration list for PBXNativeTarget "Test123123Tests" */ = {
			isa = XCConfigurationList;
			buildConfigurations = (
				204FCD371BEB344D0088A954 /* Debug */,
				204FCD381BEB344D0088A954 /* Release */,
			);
			defaultConfigurationIsVisible = 0;
		};
		204FCD391BEB344D0088A954 /* Build configuration list for PBXNativeTarget "Test123123UITests" */ = {
			isa = XCConfigurationList;
			buildConfigurations = (
				204FCD3A1BEB344D0088A954 /* Debug */,
				204FCD3B1BEB344D0088A954 /* Release */,
			);
			defaultConfigurationIsVisible = 0;
		};
/* End XCConfigurationList section */
	};
	rootObject = 204FCCFE1BEB344D0088A954 /* Project object */;
}
